
Microsoft Visual Studio Solution File, Format Version 12.00
# Visual Studio Version 17
VisualStudioVersion = 17.8.34330.188
MinimumVisualStudioVersion = 10.0.40219.1
Project("{FAE04EC0-301F-11D3-BF4B-00C04F79EFBC}") = "VTYSODEV2", "VTYSODEV2\VTYSODEV2.csproj", "{FC39DA5D-ECD1-475E-8731-FD55A56A9000}"
EndProject
Global
	GlobalSection(SolutionConfigurationPlatforms) = preSolution
		Debug|Any CPU = Debug|Any CPU
		Release|Any CPU = Release|Any CPU
	EndGlobalSection
	GlobalSection(ProjectConfigurationPlatforms) = postSolution
		{FC39DA5D-ECD1-475E-8731-FD55A56A9000}.Debug|Any CPU.ActiveCfg = Debug|Any CPU
		{FC39DA5D-ECD1-475E-8731-FD55A56A9000}.Debug|Any CPU.Build.0 = Debug|Any CPU
		{FC39DA5D-ECD1-475E-8731-FD55A56A9000}.Release|Any CPU.ActiveCfg = Release|Any CPU
		{FC39DA5D-ECD1-475E-8731-FD55A56A9000}.Release|Any CPU.Build.0 = Release|Any CPU
	EndGlobalSection
	GlobalSection(SolutionProperties) = preSolution
		HideSolutionNode = FALSE
	EndGlobalSection
	GlobalSection(ExtensibilityGlobals) = postSolution
		SolutionGuid = {B8701791-04E2-43C7-B9FE-61C0AF5CBE9F}
	EndGlobalSection
EndGlobal
